
Microsoft Visual Studio Solution File, Format Version 12.00
# Visual Studio Version 16
VisualStudioVersion = 16.0.31025.194
MinimumVisualStudioVersion = 10.0.40219.1
Project("{FAE04EC0-301F-11D3-BF4B-00C04F79EFBC}") = "Lab1", "Lab1\Lab1.csproj", "{4CB53EE5-57EB-4E16-AB73-F31728350DA7}"
EndProject
Global
	GlobalSection(SolutionConfigurationPlatforms) = preSolution
		Debug|Any CPU = Debug|Any CPU
		Release|Any CPU = Release|Any CPU
	EndGlobalSection
	GlobalSection(ProjectConfigurationPlatforms) = postSolution
		{4CB53EE5-57EB-4E16-AB73-F31728350DA7}.Debug|Any CPU.ActiveCfg = Debug|Any CPU
		{4CB53EE5-57EB-4E16-AB73-F31728350DA7}.Debug|Any CPU.Build.0 = Debug|Any CPU
		{4CB53EE5-57EB-4E16-AB73-F31728350DA7}.Release|Any CPU.ActiveCfg = Release|Any CPU
		{4CB53EE5-57EB-4E16-AB73-F31728350DA7}.Release|Any CPU.Build.0 = Release|Any CPU
	EndGlobalSection
	GlobalSection(SolutionProperties) = preSolution
		HideSolutionNode = FALSE
	EndGlobalSection
	GlobalSection(ExtensibilityGlobals) = postSolution
		SolutionGuid = {CB891A19-2E25-4C74-AF84-A8E2C16A6067}
	EndGlobalSection
EndGlobal
